// !$*UTF8*$!
{
	archiveVersion = 1;
	classes = {
	};
	objectVersion = 55;
	objects = {

/* Begin PBXBuildFile section */
		F95798B42BAA4A19000AB484 /* vegetalsearch_testApp.swift in Sources */ = {isa = PBXBuildFile; fileRef = F95798B32BAA4A19000AB484 /* vegetalsearch_testApp.swift */; };
		F95798B62BAA4A19000AB484 /* ContentView.swift in Sources */ = {isa = PBXBuildFile; fileRef = F95798B52BAA4A19000AB484 /* ContentView.swift */; };
		F95798B82BAA4A1C000AB484 /* Assets.xcassets in Resources */ = {isa = PBXBuildFile; fileRef = F95798B72BAA4A1C000AB484 /* Assets.xcassets */; };
		F95798BB2BAA4A1C000AB484 /* Preview Assets.xcassets in Resources */ = {isa = PBXBuildFile; fileRef = F95798BA2BAA4A1C000AB484 /* Preview Assets.xcassets */; };
		F95798C22BAA4B9B000AB484 /* CameraPreview.swift in Sources */ = {isa = PBXBuildFile; fileRef = F95798C12BAA4B9B000AB484 /* CameraPreview.swift */; };
		F95798C42BAA4BD0000AB484 /* ImageClassificationView.swift in Sources */ = {isa = PBXBuildFile; fileRef = F95798C32BAA4BD0000AB484 /* ImageClassificationView.swift */; };
		F95798C72BAA4D2F000AB484 /* vegetables.mlmodel in Sources */ = {isa = PBXBuildFile; fileRef = F95798C62BAA4D2F000AB484 /* vegetables.mlmodel */; };
		F9B10EB42BAAFEDB0065478A /* ImagePicker.swift in Sources */ = {isa = PBXBuildFile; fileRef = F9B10EB32BAAFEDB0065478A /* ImagePicker.swift */; };
/* End PBXBuildFile section */

/* Begin PBXFileReference section */
		F95798B02BAA4A19000AB484 /* vegetalsearch_test.app */ = {isa = PBXFileReference; explicitFileType = wrapper.application; includeInIndex = 0; path = vegetalsearch_test.app; sourceTree = BUILT_PRODUCTS_DIR; };
		F95798B32BAA4A19000AB484 /* vegetalsearch_testApp.swift */ = {isa = PBXFileReference; lastKnownFileType = sourcecode.swift; path = vegetalsearch_testApp.swift; sourceTree = "<group>"; };
		F95798B52BAA4A19000AB484 /* ContentView.swift */ = {isa = PBXFileReference; lastKnownFileType = sourcecode.swift; path = ContentView.swift; sourceTree = "<group>"; };
		F95798B72BAA4A1C000AB484 /* Assets.xcassets */ = {isa = PBXFileReference; lastKnownFileType = folder.assetcatalog; path = Assets.xcassets; sourceTree = "<group>"; };
		F95798BA2BAA4A1C000AB484 /* Preview Assets.xcassets */ = {isa = PBXFileReference; lastKnownFileType = folder.assetcatalog; path = "Preview Assets.xcassets"; sourceTree = "<group>"; };
		F95798C12BAA4B9B000AB484 /* CameraPreview.swift */ = {isa = PBXFileReference; lastKnownFileType = sourcecode.swift; path = CameraPreview.swift; sourceTree = SOURCE_ROOT; };
		F95798C32BAA4BD0000AB484 /* ImageClassificationView.swift */ = {isa = PBXFileReference; lastKnownFileType = sourcecode.swift; path = ImageClassificationView.swift; sourceTree = SOURCE_ROOT; };
		F95798C62BAA4D2F000AB484 /* vegetables.mlmodel */ = {isa = PBXFileReference; lastKnownFileType = file.mlmodel; path = vegetables.mlmodel; sourceTree = "<group>"; };
		F9B10EB32BAAFEDB0065478A /* ImagePicker.swift */ = {isa = PBXFileReference; lastKnownFileType = sourcecode.swift; path = ImagePicker.swift; sourceTree = SOURCE_ROOT; };
/* End PBXFileReference section */

/* Begin PBXFrameworksBuildPhase section */
		F95798AD2BAA4A19000AB484 /* Frameworks */ = {
			isa = PBXFrameworksBuildPhase;
			buildActionMask = 2147483647;
			files = (
			);
			runOnlyForDeploymentPostprocessing = 0;
		};
/* End PBXFrameworksBuildPhase section */

/* Begin PBXGroup section */
		F95798A72BAA4A19000AB484 = {
			isa = PBXGroup;
			children = (
				F95798B22BAA4A19000AB484 /* vegetalsearch_test */,
				F95798B12BAA4A19000AB484 /* Products */,
			);
			sourceTree = "<group>";
		};
		F95798B12BAA4A19000AB484 /* Products */ = {
			isa = PBXGroup;
			children = (
				F95798B02BAA4A19000AB484 /* vegetalsearch_test.app */,
			);
			name = Products;
			sourceTree = "<group>";
		};
		F95798B22BAA4A19000AB484 /* vegetalsearch_test */ = {
			isa = PBXGroup;
			children = (
				F9B10EB32BAAFEDB0065478A /* ImagePicker.swift */,
				F95798C32BAA4BD0000AB484 /* ImageClassificationView.swift */,
				F95798C62BAA4D2F000AB484 /* vegetables.mlmodel */,
				F95798C12BAA4B9B000AB484 /* CameraPreview.swift */,
				F95798B32BAA4A19000AB484 /* vegetalsearch_testApp.swift */,
				F95798B52BAA4A19000AB484 /* ContentView.swift */,
				F95798B72BAA4A1C000AB484 /* Assets.xcassets */,
				F95798B92BAA4A1C000AB484 /* Preview Content */,
			);
			path = vegetalsearch_test;
			sourceTree = "<group>";
		};
		F95798B92BAA4A1C000AB484 /* Preview Content */ = {
			isa = PBXGroup;
			children = (
				F95798BA2BAA4A1C000AB484 /* Preview Assets.xcassets */,
			);
			path = "Preview Content";
			sourceTree = "<group>";
		};
/* End PBXGroup section */

/* Begin PBXNativeTarget section */
		F95798AF2BAA4A19000AB484 /* vegetalsearch_test */ = {
			isa = PBXNativeTarget;
			buildConfigurationList = F95798BE2BAA4A1C000AB484 /* Build configuration list for PBXNativeTarget "vegetalsearch_test" */;
			buildPhases = (
				F95798AC2BAA4A19000AB484 /* Sources */,
				F95798AD2BAA4A19000AB484 /* Frameworks */,
				F95798AE2BAA4A19000AB484 /* Resources */,
			);
			buildRules = (
			);
			dependencies = (
			);
			name = vegetalsearch_test;
			productName = vegetalsearch_test;
			productReference = F95798B02BAA4A19000AB484 /* vegetalsearch_test.app */;
			productType = "com.apple.product-type.application";
		};
/* End PBXNativeTarget section */

/* Begin PBXProject section */
		F95798A82BAA4A19000AB484 /* Project object */ = {
			isa = PBXProject;
			attributes = {
				BuildIndependentTargetsInParallel = 1;
				LastSwiftUpdateCheck = 1340;
				LastUpgradeCheck = 1530;
				TargetAttributes = {
					F95798AF2BAA4A19000AB484 = {
						CreatedOnToolsVersion = 13.4.1;
					};
				};
			};
			buildConfigurationList = F95798AB2BAA4A19000AB484 /* Build configuration list for PBXProject "vegetalsearch_test" */;
			compatibilityVersion = "Xcode 13.0";
			developmentRegion = en;
			hasScannedForEncodings = 0;
			knownRegions = (
				en,
				Base,
			);
			mainGroup = F95798A72BAA4A19000AB484;
			productRefGroup = F95798B12BAA4A19000AB484 /* Products */;
			projectDirPath = "";
			projectRoot = "";
			targets = (
				F95798AF2BAA4A19000AB484 /* vegetalsearch_test */,
			);
		};
/* End PBXProject section */

/* Begin PBXResourcesBuildPhase section */
		F95798AE2BAA4A19000AB484 /* Resources */ = {
			isa = PBXResourcesBuildPhase;
			buildActionMask = 2147483647;
			files = (
				F95798BB2BAA4A1C000AB484 /* Preview Assets.xcassets in Resources */,
				F95798B82BAA4A1C000AB484 /* Assets.xcassets in Resources */,
			);
			runOnlyForDeploymentPostprocessing = 0;
		};
/* End PBXResourcesBuildPhase section */

/* Begin PBXSourcesBuildPhase section */
		F95798AC2BAA4A19000AB484 /* Sources */ = {
			isa = PBXSourcesBuildPhase;
			buildActionMask = 2147483647;
			files = (
				F95798C22BAA4B9B000AB484 /* CameraPreview.swift in Sources */,
				F95798B62BAA4A19000AB484 /* ContentView.swift in Sources */,
				F95798C42BAA4BD0000AB484 /* ImageClassificationView.swift in Sources */,
				F9B10EB42BAAFEDB0065478A /* ImagePicker.swift in Sources */,
				F95798B42BAA4A19000AB484 /* vegetalsearch_testApp.swift in Sources */,
				F95798C72BAA4D2F000AB484 /* vegetables.mlmodel in Sources */,
			);
			runOnlyForDeploymentPostprocessing = 0;
		};
/* End PBXSourcesBuildPhase section */

/* Begin XCBuildConfiguration section */
		F95798BC2BAA4A1C000AB484 /* Debug */ = {
			isa = XCBuildConfiguration;
			buildSettings = {
				ALWAYS_SEARCH_USER_PATHS = NO;
				CLANG_ANALYZER_NONNULL = YES;
				CLANG_ANALYZER_NUMBER_OBJECT_CONVERSION = YES_AGGRESSIVE;
				CLANG_CXX_LANGUAGE_STANDARD = "gnu++17";
				CLANG_ENABLE_MODULES = YES;
				CLANG_ENABLE_OBJC_ARC = YES;
				CLANG_ENABLE_OBJC_WEAK = YES;
				CLANG_WARN_BLOCK_CAPTURE_AUTORELEASING = YES;
				CLANG_WARN_BOOL_CONVERSION = YES;
				CLANG_WARN_COMMA = YES;
				CLANG_WARN_CONSTANT_CONVERSION = YES;
				CLANG_WARN_DEPRECATED_OBJC_IMPLEMENTATIONS = YES;
				CLANG_WARN_DIRECT_OBJC_ISA_USAGE = YES_ERROR;
				CLANG_WARN_DOCUMENTATION_COMMENTS = YES;
				CLANG_WARN_EMPTY_BODY = YES;
				CLANG_WARN_ENUM_CONVERSION = YES;
				CLANG_WARN_INFINITE_RECURSION = YES;
				CLANG_WARN_INT_CONVERSION = YES;
				CLANG_WARN_NON_LITERAL_NULL_CONVERSION = YES;
				CLANG_WARN_OBJC_IMPLICIT_RETAIN_SELF = YES;
				CLANG_WARN_OBJC_LITERAL_CONVERSION = YES;
				CLANG_WARN_OBJC_ROOT_CLASS = YES_ERROR;
				CLANG_WARN_QUOTED_INCLUDE_IN_FRAMEWORK_HEADER = YES;
				CLANG_WARN_RANGE_LOOP_ANALYSIS = YES;
				CLANG_WARN_STRICT_PROTOTYPES = YES;
				CLANG_WARN_SUSPICIOUS_MOVE = YES;
				CLANG_WARN_UNGUARDED_AVAILABILITY = YES_AGGRESSIVE;
				CLANG_WARN_UNREACHABLE_CODE = YES;
				CLANG_WARN__DUPLICATE_METHOD_MATCH = YES;
				COPY_PHASE_STRIP = NO;
				DEBUG_INFORMATION_FORMAT = dwarf;
				ENABLE_STRICT_OBJC_MSGSEND = YES;
				ENABLE_TESTABILITY = YES;
				ENABLE_USER_SCRIPT_SANDBOXING = YES;
				GCC_C_LANGUAGE_STANDARD = gnu11;
				GCC_DYNAMIC_NO_PIC = NO;
				GCC_NO_COMMON_BLOCKS = YES;
				GCC_OPTIMIZATION_LEVEL = 0;
				GCC_PREPROCESSOR_DEFINITIONS = (
					"DEBUG=1",
					"$(inherited)",
				);
				GCC_WARN_64_TO_32_BIT_CONVERSION = YES;
				GCC_WARN_ABOUT_RETURN_TYPE = YES_ERROR;
				GCC_WARN_UNDECLARED_SELECTOR = YES;
				GCC_WARN_UNINITIALIZED_AUTOS = YES_AGGRESSIVE;
				GCC_WARN_UNUSED_FUNCTION = YES;
				GCC_WARN_UNUSED_VARIABLE = YES;
				IPHONEOS_DEPLOYMENT_TARGET = 15.5;
				MTL_ENABLE_DEBUG_INFO = INCLUDE_SOURCE;
				MTL_FAST_MATH = YES;
				ONLY_ACTIVE_ARCH = YES;
				SDKROOT = iphoneos;
				SWIFT_ACTIVE_COMPILATION_CONDITIONS = DEBUG;
				SWIFT_OPTIMIZATION_LEVEL = "-Onone";
			};
			name = Debug;
		};
		F95798BD2BAA4A1C000AB484 /* Release */ = {
			isa = XCBuildConfiguration;
			buildSettings = {
				ALWAYS_SEARCH_USER_PATHS = NO;
				CLANG_ANALYZER_NONNULL = YES;
				CLANG_ANALYZER_NUMBER_OBJECT_CONVERSION = YES_AGGRESSIVE;
				CLANG_CXX_LANGUAGE_STANDARD = "gnu++17";
				CLANG_ENABLE_MODULES = YES;
				CLANG_ENABLE_OBJC_ARC = YES;
				CLANG_ENABLE_OBJC_WEAK = YES;
				CLANG_WARN_BLOCK_CAPTURE_AUTORELEASING = YES;
				CLANG_WARN_BOOL_CONVERSION = YES;
				CLANG_WARN_COMMA = YES;
				CLANG_WARN_CONSTANT_CONVERSION = YES;
				CLANG_WARN_DEPRECATED_OBJC_IMPLEMENTATIONS = YES;
				CLANG_WARN_DIRECT_OBJC_ISA_USAGE = YES_ERROR;
				CLANG_WARN_DOCUMENTATION_COMMENTS = YES;
				CLANG_WARN_EMPTY_BODY = YES;
				CLANG_WARN_ENUM_CONVERSION = YES;
				CLANG_WARN_INFINITE_RECURSION = YES;
				CLANG_WARN_INT_CONVERSION = YES;
				CLANG_WARN_NON_LITERAL_NULL_CONVERSION = YES;
				CLANG_WARN_OBJC_IMPLICIT_RETAIN_SELF = YES;
				CLANG_WARN_OBJC_LITERAL_CONVERSION = YES;
				CLANG_WARN_OBJC_ROOT_CLASS = YES_ERROR;
				CLANG_WARN_QUOTED_INCLUDE_IN_FRAMEWORK_HEADER = YES;
				CLANG_WARN_RANGE_LOOP_ANALYSIS = YES;
				CLANG_WARN_STRICT_PROTOTYPES = YES;
				CLANG_WARN_SUSPICIOUS_MOVE = YES;
				CLANG_WARN_UNGUARDED_AVAILABILITY = YES_AGGRESSIVE;
				CLANG_WARN_UNREACHABLE_CODE = YES;
				CLANG_WARN__DUPLICATE_METHOD_MATCH = YES;
				COPY_PHASE_STRIP = NO;
				DEBUG_INFORMATION_FORMAT = "dwarf-with-dsym";
				ENABLE_NS_ASSERTIONS = NO;
				ENABLE_STRICT_OBJC_MSGSEND = YES;
				ENABLE_USER_SCRIPT_SANDBOXING = YES;
				GCC_C_LANGUAGE_STANDARD = gnu11;
				GCC_NO_COMMON_BLOCKS = YES;
				GCC_WARN_64_TO_32_BIT_CONVERSION = YES;
				GCC_WARN_ABOUT_RETURN_TYPE = YES_ERROR;
				GCC_WARN_UNDECLARED_SELECTOR = YES;
				GCC_WARN_UNINITIALIZED_AUTOS = YES_AGGRESSIVE;
				GCC_WARN_UNUSED_FUNCTION = YES;
				GCC_WARN_UNUSED_VARIABLE = YES;
				IPHONEOS_DEPLOYMENT_TARGET = 15.5;
				MTL_ENABLE_DEBUG_INFO = NO;
				MTL_FAST_MATH = YES;
				SDKROOT = iphoneos;
				SWIFT_COMPILATION_MODE = wholemodule;
				SWIFT_OPTIMIZATION_LEVEL = "-O";
				VALIDATE_PRODUCT = YES;
			};
			name = Release;
		};
		F95798BF2BAA4A1C000AB484 /* Debug */ = {
			isa = XCBuildConfiguration;
			buildSettings = {
				ASSETCATALOG_COMPILER_APPICON_NAME = AppIcon;
				ASSETCATALOG_COMPILER_GLOBAL_ACCENT_COLOR_NAME = AccentColor;
				CODE_SIGN_STYLE = Automatic;
				CURRENT_PROJECT_VERSION = 1;
				DEVELOPMENT_ASSET_PATHS = "\"vegetalsearch_test/Preview Content\"";
				DEVELOPMENT_TEAM = 6SD9YP3C88;
				ENABLE_PREVIEWS = YES;
				GENERATE_INFOPLIST_FILE = YES;
				INFOPLIST_FILE = "vegetalsearch-test-Info.plist";
				INFOPLIST_KEY_NSCameraUsageDescription = "Nous avons besoin de la camera";
				INFOPLIST_KEY_NSMicrophoneUsageDescription = "nous avons besoin du micro";
				INFOPLIST_KEY_UIApplicationSceneManifest_Generation = YES;
				INFOPLIST_KEY_UIApplicationSupportsIndirectInputEvents = YES;
				INFOPLIST_KEY_UILaunchScreen_Generation = YES;
				INFOPLIST_KEY_UISupportedInterfaceOrientations_iPad = "UIInterfaceOrientationPortrait UIInterfaceOrientationPortraitUpsideDown UIInterfaceOrientationLandscapeLeft UIInterfaceOrientationLandscapeRight";
				INFOPLIST_KEY_UISupportedInterfaceOrientations_iPhone = "UIInterfaceOrientationPortrait UIInterfaceOrientationLandscapeLeft UIInterfaceOrientationLandscapeRight";
				LD_RUNPATH_SEARCH_PATHS = (
					"$(inherited)",
					"@executable_path/Frameworks",
				);
				MARKETING_VERSION = 1.0;
				PRODUCT_BUNDLE_IDENTIFIER = "Bambol.vegetalsearch-test";
				PRODUCT_NAME = "$(TARGET_NAME)";
				SWIFT_EMIT_LOC_STRINGS = YES;
				SWIFT_VERSION = 5.0;
				TARGETED_DEVICE_FAMILY = 1;
			};
			name = Debug;
		};
		F95798C02BAA4A1C000AB484 /* Release */ = {
			isa = XCBuildConfiguration;
			buildSettings = {
				ASSETCATALOG_COMPILER_APPICON_NAME = AppIcon;
				ASSETCATALOG_COMPILER_GLOBAL_ACCENT_COLOR_NAME = AccentColor;
				CODE_SIGN_STYLE = Automatic;
				CURRENT_PROJECT_VERSION = 1;
				DEVELOPMENT_ASSET_PATHS = "\"vegetalsearch_test/Preview Content\"";
				DEVELOPMENT_TEAM = 6SD9YP3C88;
				ENABLE_PREVIEWS = YES;
				GENERATE_INFOPLIST_FILE = YES;
				INFOPLIST_FILE = "vegetalsearch-test-Info.plist";
				INFOPLIST_KEY_NSCameraUsageDescription = "Nous avons besoin de la camera";
				INFOPLIST_KEY_NSMicrophoneUsageDescription = "nous avons besoin du micro";
				INFOPLIST_KEY_UIApplicationSceneManifest_Generation = YES;
				INFOPLIST_KEY_UIApplicationSupportsIndirectInputEvents = YES;
				INFOPLIST_KEY_UILaunchScreen_Generation = YES;
				INFOPLIST_KEY_UISupportedInterfaceOrientations_iPad = "UIInterfaceOrientationPortrait UIInterfaceOrientationPortraitUpsideDown UIInterfaceOrientationLandscapeLeft UIInterfaceOrientationLandscapeRight";
				INFOPLIST_KEY_UISupportedInterfaceOrientations_iPhone = "UIInterfaceOrientationPortrait UIInterfaceOrientationLandscapeLeft UIInterfaceOrientationLandscapeRight";
				LD_RUNPATH_SEARCH_PATHS = (
					"$(inherited)",
					"@executable_path/Frameworks",
				);
				MARKETING_VERSION = 1.0;
				PRODUCT_BUNDLE_IDENTIFIER = "Bambol.vegetalsearch-test";
				PRODUCT_NAME = "$(TARGET_NAME)";
				SWIFT_EMIT_LOC_STRINGS = YES;
				SWIFT_VERSION = 5.0;
				TARGETED_DEVICE_FAMILY = 1;
			};
			name = Release;
		};
/* End XCBuildConfiguration section */

/* Begin XCConfigurationList section */
		F95798AB2BAA4A19000AB484 /* Build configuration list for PBXProject "vegetalsearch_test" */ = {
			isa = XCConfigurationList;
			buildConfigurations = (
				F95798BC2BAA4A1C000AB484 /* Debug */,
				F95798BD2BAA4A1C000AB484 /* Release */,
			);
			defaultConfigurationIsVisible = 0;
			defaultConfigurationName = Release;
		};
		F95798BE2BAA4A1C000AB484 /* Build configuration list for PBXNativeTarget "vegetalsearch_test" */ = {
			isa = XCConfigurationList;
			buildConfigurations = (
				F95798BF2BAA4A1C000AB484 /* Debug */,
				F95798C02BAA4A1C000AB484 /* Release */,
			);
			defaultConfigurationIsVisible = 0;
			defaultConfigurationName = Release;
		};
/* End XCConfigurationList section */
	};
	rootObject = F95798A82BAA4A19000AB484 /* Project object */;
}
